
Microsoft Visual Studio Solution File, Format Version 12.00
# Visual Studio Version 17
VisualStudioVersion = 17.8.34330.188
MinimumVisualStudioVersion = 10.0.40219.1
Project("{9A19103F-16F7-4668-BE54-9A1E7A4F7556}") = "Ecommerce.DAL", "EcommerceDAL\Ecommerce.DAL.csproj", "{302BD431-E995-46F1-B4F0-782329A8A538}"
EndProject
Project("{9A19103F-16F7-4668-BE54-9A1E7A4F7556}") = "Ecommerce.Service", "EcommerceService\Ecommerce.Service.csproj", "{8DF88A40-7DDD-4442-97CC-FC428167F2D7}"
EndProject
Project("{9A19103F-16F7-4668-BE54-9A1E7A4F7556}") = "Ecommerce", "Ecommerce\Ecommerce.csproj", "{2CAC0873-45D3-43F3-957A-E03F27069BD5}"
EndProject
Global
	GlobalSection(SolutionConfigurationPlatforms) = preSolution
		Debug|Any CPU = Debug|Any CPU
		Release|Any CPU = Release|Any CPU
	EndGlobalSection
	GlobalSection(ProjectConfigurationPlatforms) = postSolution
		{302BD431-E995-46F1-B4F0-782329A8A538}.Debug|Any CPU.ActiveCfg = Debug|Any CPU
		{302BD431-E995-46F1-B4F0-782329A8A538}.Debug|Any CPU.Build.0 = Debug|Any CPU
		{302BD431-E995-46F1-B4F0-782329A8A538}.Release|Any CPU.ActiveCfg = Release|Any CPU
		{302BD431-E995-46F1-B4F0-782329A8A538}.Release|Any CPU.Build.0 = Release|Any CPU
		{8DF88A40-7DDD-4442-97CC-FC428167F2D7}.Debug|Any CPU.ActiveCfg = Debug|Any CPU
		{8DF88A40-7DDD-4442-97CC-FC428167F2D7}.Debug|Any CPU.Build.0 = Debug|Any CPU
		{8DF88A40-7DDD-4442-97CC-FC428167F2D7}.Release|Any CPU.ActiveCfg = Release|Any CPU
		{8DF88A40-7DDD-4442-97CC-FC428167F2D7}.Release|Any CPU.Build.0 = Release|Any CPU
		{2CAC0873-45D3-43F3-957A-E03F27069BD5}.Debug|Any CPU.ActiveCfg = Debug|Any CPU
		{2CAC0873-45D3-43F3-957A-E03F27069BD5}.Debug|Any CPU.Build.0 = Debug|Any CPU
		{2CAC0873-45D3-43F3-957A-E03F27069BD5}.Release|Any CPU.ActiveCfg = Release|Any CPU
		{2CAC0873-45D3-43F3-957A-E03F27069BD5}.Release|Any CPU.Build.0 = Release|Any CPU
	EndGlobalSection
	GlobalSection(SolutionProperties) = preSolution
		HideSolutionNode = FALSE
	EndGlobalSection
	GlobalSection(ExtensibilityGlobals) = postSolution
		SolutionGuid = {78B7A6ED-A2BD-4742-B8EF-A730AA823CC2}
	EndGlobalSection
EndGlobal
