
Microsoft Visual Studio Solution File, Format Version 12.00
# Visual Studio Version 17
VisualStudioVersion = 17.8.34330.188
MinimumVisualStudioVersion = 10.0.40219.1
Project("{FAE04EC0-301F-11D3-BF4B-00C04F79EFBC}") = "Ecommerce", "Ecommerce.csproj", "{A24DA4DB-0D65-4AE2-BE1F-DF9160F98E43}"
EndProject
Project("{FAE04EC0-301F-11D3-BF4B-00C04F79EFBC}") = "Ecommerce.Service", "..\EcommerceService\Ecommerce.Service.csproj", "{A9569E4B-0F31-45C9-BF18-70A15A194BC9}"
EndProject
Project("{FAE04EC0-301F-11D3-BF4B-00C04F79EFBC}") = "Ecommerce.DAL", "..\EcommerceDAL\Ecommerce.DAL.csproj", "{2B5FD0C1-8A30-4099-B23E-279A8959D614}"
EndProject
Global
	GlobalSection(SolutionConfigurationPlatforms) = preSolution
		Debug|Any CPU = Debug|Any CPU
		Release|Any CPU = Release|Any CPU
	EndGlobalSection
	GlobalSection(ProjectConfigurationPlatforms) = postSolution
		{A24DA4DB-0D65-4AE2-BE1F-DF9160F98E43}.Debug|Any CPU.ActiveCfg = Debug|Any CPU
		{A24DA4DB-0D65-4AE2-BE1F-DF9160F98E43}.Debug|Any CPU.Build.0 = Debug|Any CPU
		{A24DA4DB-0D65-4AE2-BE1F-DF9160F98E43}.Release|Any CPU.ActiveCfg = Release|Any CPU
		{A24DA4DB-0D65-4AE2-BE1F-DF9160F98E43}.Release|Any CPU.Build.0 = Release|Any CPU
		{A9569E4B-0F31-45C9-BF18-70A15A194BC9}.Debug|Any CPU.ActiveCfg = Debug|Any CPU
		{A9569E4B-0F31-45C9-BF18-70A15A194BC9}.Debug|Any CPU.Build.0 = Debug|Any CPU
		{A9569E4B-0F31-45C9-BF18-70A15A194BC9}.Release|Any CPU.ActiveCfg = Release|Any CPU
		{A9569E4B-0F31-45C9-BF18-70A15A194BC9}.Release|Any CPU.Build.0 = Release|Any CPU
		{2B5FD0C1-8A30-4099-B23E-279A8959D614}.Debug|Any CPU.ActiveCfg = Debug|Any CPU
		{2B5FD0C1-8A30-4099-B23E-279A8959D614}.Debug|Any CPU.Build.0 = Debug|Any CPU
		{2B5FD0C1-8A30-4099-B23E-279A8959D614}.Release|Any CPU.ActiveCfg = Release|Any CPU
		{2B5FD0C1-8A30-4099-B23E-279A8959D614}.Release|Any CPU.Build.0 = Release|Any CPU
	EndGlobalSection
	GlobalSection(SolutionProperties) = preSolution
		HideSolutionNode = FALSE
	EndGlobalSection
	GlobalSection(ExtensibilityGlobals) = postSolution
		SolutionGuid = {7C605A3E-D9BB-4888-888E-D8DB677BBBC6}
	EndGlobalSection
EndGlobal
